
Microsoft Visual Studio Solution File, Format Version 12.00
# Visual Studio Version 18
VisualStudioVersion = 18.6.11828.311 oobstable
MinimumVisualStudioVersion = 10.0.40219.1
Project("{8BC9CEB8-8B4A-11D0-8D11-00A0C91BC942}") = "ChatServer-Application", "ChatServer-Application.vcxproj", "{60451820-39AA-45A3-87DB-03AC987E5D3C}"
EndProject
Project("{FAE04EC0-301F-11D3-BF4B-00C04F79EFBC}") = "ChatServer-UI", "ChatServer-UI\ChatServer-UI.csproj", "{0CABE794-058A-4789-942D-A838AAF7F66A}"
EndProject
Global
	GlobalSection(SolutionConfigurationPlatforms) = preSolution
		Debug|Any CPU = Debug|Any CPU
		Debug|x64 = Debug|x64
		Debug|x86 = Debug|x86
		Release|Any CPU = Release|Any CPU
		Release|x64 = Release|x64
		Release|x86 = Release|x86
	EndGlobalSection
	GlobalSection(ProjectConfigurationPlatforms) = postSolution
		{60451820-39AA-45A3-87DB-03AC987E5D3C}.Debug|Any CPU.ActiveCfg = Debug|x64
		{60451820-39AA-45A3-87DB-03AC987E5D3C}.Debug|Any CPU.Build.0 = Debug|x64
		{60451820-39AA-45A3-87DB-03AC987E5D3C}.Debug|x64.ActiveCfg = Debug|x64
		{60451820-39AA-45A3-87DB-03AC987E5D3C}.Debug|x64.Build.0 = Debug|x64
		{60451820-39AA-45A3-87DB-03AC987E5D3C}.Debug|x86.ActiveCfg = Debug|Win32
		{60451820-39AA-45A3-87DB-03AC987E5D3C}.Debug|x86.Build.0 = Debug|Win32
		{60451820-39AA-45A3-87DB-03AC987E5D3C}.Release|Any CPU.ActiveCfg = Release|x64
		{60451820-39AA-45A3-87DB-03AC987E5D3C}.Release|Any CPU.Build.0 = Release|x64
		{60451820-39AA-45A3-87DB-03AC987E5D3C}.Release|x64.ActiveCfg = Release|x64
		{60451820-39AA-45A3-87DB-03AC987E5D3C}.Release|x64.Build.0 = Release|x64
		{60451820-39AA-45A3-87DB-03AC987E5D3C}.Release|x86.ActiveCfg = Release|Win32
		{60451820-39AA-45A3-87DB-03AC987E5D3C}.Release|x86.Build.0 = Release|Win32
		{0CABE794-058A-4789-942D-A838AAF7F66A}.Debug|Any CPU.ActiveCfg = Debug|Any CPU
		{0CABE794-058A-4789-942D-A838AAF7F66A}.Debug|Any CPU.Build.0 = Debug|Any CPU
		{0CABE794-058A-4789-942D-A838AAF7F66A}.Debug|x64.ActiveCfg = Debug|Any CPU
		{0CABE794-058A-4789-942D-A838AAF7F66A}.Debug|x64.Build.0 = Debug|Any CPU
		{0CABE794-058A-4789-942D-A838AAF7F66A}.Debug|x86.ActiveCfg = Debug|Any CPU
		{0CABE794-058A-4789-942D-A838AAF7F66A}.Debug|x86.Build.0 = Debug|Any CPU
		{0CABE794-058A-4789-942D-A838AAF7F66A}.Release|Any CPU.ActiveCfg = Release|Any CPU
		{0CABE794-058A-4789-942D-A838AAF7F66A}.Release|Any CPU.Build.0 = Release|Any CPU
		{0CABE794-058A-4789-942D-A838AAF7F66A}.Release|x64.ActiveCfg = Release|Any CPU
		{0CABE794-058A-4789-942D-A838AAF7F66A}.Release|x64.Build.0 = Release|Any CPU
		{0CABE794-058A-4789-942D-A838AAF7F66A}.Release|x86.ActiveCfg = Release|Any CPU
		{0CABE794-058A-4789-942D-A838AAF7F66A}.Release|x86.Build.0 = Release|Any CPU
	EndGlobalSection
	GlobalSection(SolutionProperties) = preSolution
		HideSolutionNode = FALSE
	EndGlobalSection
	GlobalSection(ExtensibilityGlobals) = postSolution
		SolutionGuid = {CFE72B30-65AC-48F0-8FBD-26A015BFB8CB}
	EndGlobalSection
EndGlobal
